PODS:
  - Capacitor (8.5.0):
    - CapacitorCordova
  - CapacitorCordova (8.5.0)
  - CapacitorFilesystem (8.1.2):
    - Capacitor
    - IONFilesystemLib (~> 1.1.1)
  - CapacitorPreferences (8.0.1):
    - Capacitor
  - CapacitorScopedStorage (0.1.0):
    - Capacitor
  - IONFilesystemLib (1.1.2)

DEPENDENCIES:
  - "Capacitor (from `../../../../node_modules/.pnpm/@capacitor+ios@8.5.0_@capacitor+core@8.5.0/node_modules/@capacitor/ios`)"
  - "CapacitorCordova (from `../../../../node_modules/.pnpm/@capacitor+ios@8.5.0_@capacitor+core@8.5.0/node_modules/@capacitor/ios`)"
  - "CapacitorFilesystem (from `../../../../node_modules/.pnpm/@capacitor+filesystem@8.1.2_@capacitor+core@8.5.0/node_modules/@capacitor/filesystem`)"
  - "CapacitorPreferences (from `../../../../node_modules/.pnpm/@capacitor+preferences@8.0.1_@capacitor+core@8.5.0/node_modules/@capacitor/preferences`)"
  - "CapacitorScopedStorage (from `../../../../node_modules/.pnpm/@daniele-rolli+capacitor-scoped-storage@0.1.0_@capacitor+core@8.5.0/node_modules/@daniele-rolli/capacitor-scoped-storage`)"

SPEC REPOS:
  trunk:
    - IONFilesystemLib

EXTERNAL SOURCES:
  Capacitor:
    :path: "../../../../node_modules/.pnpm/@capacitor+ios@8.5.0_@capacitor+core@8.5.0/node_modules/@capacitor/ios"
  CapacitorCordova:
    :path: "../../../../node_modules/.pnpm/@capacitor+ios@8.5.0_@capacitor+core@8.5.0/node_modules/@capacitor/ios"
  CapacitorFilesystem:
    :path: "../../../../node_modules/.pnpm/@capacitor+filesystem@8.1.2_@capacitor+core@8.5.0/node_modules/@capacitor/filesystem"
  CapacitorPreferences:
    :path: "../../../../node_modules/.pnpm/@capacitor+preferences@8.0.1_@capacitor+core@8.5.0/node_modules/@capacitor/preferences"
  CapacitorScopedStorage:
    :path: "../../../../node_modules/.pnpm/@daniele-rolli+capacitor-scoped-storage@0.1.0_@capacitor+core@8.5.0/node_modules/@daniele-rolli/capacitor-scoped-storage"

SPEC CHECKSUMS:
  Capacitor: 00b87168591cc006ea6f5c0de681ec5c39a2c8eb
  CapacitorCordova: 9d3acbb574048e7167d2af127a0af2123e619f2f
  CapacitorFilesystem: 2db285a1ac6e475cc27cae2e1bea999000f9e2be
  CapacitorPreferences: cca2021f386efb75947c850334447d9ff22b14f1
  CapacitorScopedStorage: d779465187e73c85ff59af183b855f8fa9489072
  IONFilesystemLib: 21a63377696b2d8fab5632ecfb7d2ac67bddb68a

PODFILE CHECKSUM: 251ed9aebc7be8d00244e780aae08bcd9cf97c82

COCOAPODS: 1.16.2
